<Solution>
  <Folder Name="/src/">
    <Project Path="src/PublishTool.Cli/PublishTool.Cli.csproj" />
    <Project Path="src/PublishTool.Commands/PublishTool.Commands.csproj" />
    <Project Path="src/PublishTool.Core/PublishTool.Core.csproj" />
    <Project Path="src/PublishTool.Gui/PublishTool.Gui.csproj" />
  </Folder>
</Solution>
